
Microsoft Visual Studio Solution File, Format Version 12.00
# Visual Studio Version 16
VisualStudioVersion = 16.0.29814.53
MinimumVisualStudioVersion = 10.0.40219.1
Project("{2150E333-8FDC-42A3-9474-1A3956D46DE8}") = "src", "src", "{3EED8303-D6AA-49C8-89D5-3BCA3D7845D9}"
EndProject
Project("{2150E333-8FDC-42A3-9474-1A3956D46DE8}") = "API", "API", "{1355F779-DE78-45FA-A187-651133F6E4D4}"
EndProject
Project("{9A19103F-16F7-4668-BE54-9A1E7A4F7556}") = "API", "src\API\API\API.csproj", "{CA3B4544-553D-4114-B6C2-97EFA282D4CC}"
EndProject
Project("{2150E333-8FDC-42A3-9474-1A3956D46DE8}") = "Core", "Core", "{2E7BD459-8893-4EB3-B268-0B1CD8CB9A03}"
EndProject
Project("{9A19103F-16F7-4668-BE54-9A1E7A4F7556}") = "Domain", "src\Core\Domain\Domain.csproj", "{E714E980-CBD8-4F12-8A0F-EB66A7F1B333}"
EndProject
Project("{9A19103F-16F7-4668-BE54-9A1E7A4F7556}") = "Application", "src\Core\Application\Application.csproj", "{18018759-BE92-45F6-BE73-991897A575DD}"
EndProject
Project("{2150E333-8FDC-42A3-9474-1A3956D46DE8}") = "Infrastructure", "Infrastructure", "{25CEF8F2-447A-4858-97E2-E6A378006B58}"
EndProject
Project("{9A19103F-16F7-4668-BE54-9A1E7A4F7556}") = "Persistence", "src\Infrastructure\Persistence\Persistence.csproj", "{699923FA-509D-4954-9474-38ACA15283A0}"
EndProject
Project("{2150E333-8FDC-42A3-9474-1A3956D46DE8}") = "tests", "tests", "{AC4F4CE3-78EC-4747-861C-9F79DDAFFAED}"
EndProject
Project("{2150E333-8FDC-42A3-9474-1A3956D46DE8}") = "Core", "Core", "{C7D1334F-45AA-41A9-A2B2-955919D6562A}"
EndProject
Project("{9A19103F-16F7-4668-BE54-9A1E7A4F7556}") = "Application.UnitTests", "tests\Core\Application.UnitTests\Application.UnitTests.csproj", "{17F53BC9-7B78-4B18-8D8E-995D9ACA4DE1}"
EndProject
Project("{FAE04EC0-301F-11D3-BF4B-00C04F79EFBC}") = "Domain.UnitTests", "tests\Core\Domain.UnitTests\Domain.UnitTests.csproj", "{97C38882-D663-4150-AB0D-BB4A35B1A337}"
EndProject
Project("{2150E333-8FDC-42A3-9474-1A3956D46DE8}") = "API", "API", "{62FB77AA-F13E-4FBC-B43F-4C1739F5BB49}"
EndProject
Project("{FAE04EC0-301F-11D3-BF4B-00C04F79EFBC}") = "API.IntegrationTests", "tests\API\API.IntegrationTests\API.IntegrationTests.csproj", "{5733A77D-BD89-4625-B185-B813CF955E4D}"
EndProject
Global
	GlobalSection(SolutionConfigurationPlatforms) = preSolution
		Debug|Any CPU = Debug|Any CPU
		Release|Any CPU = Release|Any CPU
	EndGlobalSection
	GlobalSection(ProjectConfigurationPlatforms) = postSolution
		{CA3B4544-553D-4114-B6C2-97EFA282D4CC}.Debug|Any CPU.ActiveCfg = Debug|Any CPU
		{CA3B4544-553D-4114-B6C2-97EFA282D4CC}.Debug|Any CPU.Build.0 = Debug|Any CPU
		{CA3B4544-553D-4114-B6C2-97EFA282D4CC}.Release|Any CPU.ActiveCfg = Release|Any CPU
		{CA3B4544-553D-4114-B6C2-97EFA282D4CC}.Release|Any CPU.Build.0 = Release|Any CPU
		{E714E980-CBD8-4F12-8A0F-EB66A7F1B333}.Debug|Any CPU.ActiveCfg = Debug|Any CPU
		{E714E980-CBD8-4F12-8A0F-EB66A7F1B333}.Debug|Any CPU.Build.0 = Debug|Any CPU
		{E714E980-CBD8-4F12-8A0F-EB66A7F1B333}.Release|Any CPU.ActiveCfg = Release|Any CPU
		{E714E980-CBD8-4F12-8A0F-EB66A7F1B333}.Release|Any CPU.Build.0 = Release|Any CPU
		{18018759-BE92-45F6-BE73-991897A575DD}.Debug|Any CPU.ActiveCfg = Debug|Any CPU
		{18018759-BE92-45F6-BE73-991897A575DD}.Debug|Any CPU.Build.0 = Debug|Any CPU
		{18018759-BE92-45F6-BE73-991897A575DD}.Release|Any CPU.ActiveCfg = Release|Any CPU
		{18018759-BE92-45F6-BE73-991897A575DD}.Release|Any CPU.Build.0 = Release|Any CPU
		{699923FA-509D-4954-9474-38ACA15283A0}.Debug|Any CPU.ActiveCfg = Debug|Any CPU
		{699923FA-509D-4954-9474-38ACA15283A0}.Debug|Any CPU.Build.0 = Debug|Any CPU
		{699923FA-509D-4954-9474-38ACA15283A0}.Release|Any CPU.ActiveCfg = Release|Any CPU
		{699923FA-509D-4954-9474-38ACA15283A0}.Release|Any CPU.Build.0 = Release|Any CPU
		{17F53BC9-7B78-4B18-8D8E-995D9ACA4DE1}.Debug|Any CPU.ActiveCfg = Debug|Any CPU
		{17F53BC9-7B78-4B18-8D8E-995D9ACA4DE1}.Debug|Any CPU.Build.0 = Debug|Any CPU
		{17F53BC9-7B78-4B18-8D8E-995D9ACA4DE1}.Release|Any CPU.ActiveCfg = Release|Any CPU
		{17F53BC9-7B78-4B18-8D8E-995D9ACA4DE1}.Release|Any CPU.Build.0 = Release|Any CPU
		{97C38882-D663-4150-AB0D-BB4A35B1A337}.Debug|Any CPU.ActiveCfg = Debug|Any CPU
		{97C38882-D663-4150-AB0D-BB4A35B1A337}.Debug|Any CPU.Build.0 = Debug|Any CPU
		{97C38882-D663-4150-AB0D-BB4A35B1A337}.Release|Any CPU.ActiveCfg = Release|Any CPU
		{97C38882-D663-4150-AB0D-BB4A35B1A337}.Release|Any CPU.Build.0 = Release|Any CPU
		{5733A77D-BD89-4625-B185-B813CF955E4D}.Debug|Any CPU.ActiveCfg = Debug|Any CPU
		{5733A77D-BD89-4625-B185-B813CF955E4D}.Debug|Any CPU.Build.0 = Debug|Any CPU
		{5733A77D-BD89-4625-B185-B813CF955E4D}.Release|Any CPU.ActiveCfg = Release|Any CPU
		{5733A77D-BD89-4625-B185-B813CF955E4D}.Release|Any CPU.Build.0 = Release|Any CPU
	EndGlobalSection
	GlobalSection(SolutionProperties) = preSolution
		HideSolutionNode = FALSE
	EndGlobalSection
	GlobalSection(NestedProjects) = preSolution
		{1355F779-DE78-45FA-A187-651133F6E4D4} = {3EED8303-D6AA-49C8-89D5-3BCA3D7845D9}
		{CA3B4544-553D-4114-B6C2-97EFA282D4CC} = {1355F779-DE78-45FA-A187-651133F6E4D4}
		{2E7BD459-8893-4EB3-B268-0B1CD8CB9A03} = {3EED8303-D6AA-49C8-89D5-3BCA3D7845D9}
		{E714E980-CBD8-4F12-8A0F-EB66A7F1B333} = {2E7BD459-8893-4EB3-B268-0B1CD8CB9A03}
		{18018759-BE92-45F6-BE73-991897A575DD} = {2E7BD459-8893-4EB3-B268-0B1CD8CB9A03}
		{25CEF8F2-447A-4858-97E2-E6A378006B58} = {3EED8303-D6AA-49C8-89D5-3BCA3D7845D9}
		{699923FA-509D-4954-9474-38ACA15283A0} = {25CEF8F2-447A-4858-97E2-E6A378006B58}
		{C7D1334F-45AA-41A9-A2B2-955919D6562A} = {AC4F4CE3-78EC-4747-861C-9F79DDAFFAED}
		{17F53BC9-7B78-4B18-8D8E-995D9ACA4DE1} = {C7D1334F-45AA-41A9-A2B2-955919D6562A}
		{97C38882-D663-4150-AB0D-BB4A35B1A337} = {C7D1334F-45AA-41A9-A2B2-955919D6562A}
		{62FB77AA-F13E-4FBC-B43F-4C1739F5BB49} = {AC4F4CE3-78EC-4747-861C-9F79DDAFFAED}
		{5733A77D-BD89-4625-B185-B813CF955E4D} = {62FB77AA-F13E-4FBC-B43F-4C1739F5BB49}
	EndGlobalSection
	GlobalSection(ExtensibilityGlobals) = postSolution
		SolutionGuid = {E579329B-7794-4BBC-91F5-83EDF1D7171B}
	EndGlobalSection
EndGlobal
